// !$*UTF8*$!
{
	archiveVersion = 1;
	classes = {
	};
	objectVersion = 50;
	objects = {

/* Begin PBXBuildFile section */
		F2AE893D21ABBB1F00BDDE44 /* AppDelegate.m in Sources */ = {isa = PBXBuildFile; fileRef = F2AE893C21ABBB1F00BDDE44 /* AppDelegate.m */; };
		F2AE894021ABBB1F00BDDE44 /* ViewController.m in Sources */ = {isa = PBXBuildFile; fileRef = F2AE893F21ABBB1F00BDDE44 /* ViewController.m */; };
		F2AE894321ABBB1F00BDDE44 /* Main.storyboard in Resources */ = {isa = PBXBuildFile; fileRef = F2AE894121ABBB1F00BDDE44 /* Main.storyboard */; };
		F2AE894521ABBB1F00BDDE44 /* Assets.xcassets in Resources */ = {isa = PBXBuildFile; fileRef = F2AE894421ABBB1F00BDDE44 /* Assets.xcassets */; };
		F2AE894821ABBB1F00BDDE44 /* LaunchScreen.storyboard in Resources */ = {isa = PBXBuildFile; fileRef = F2AE894621ABBB1F00BDDE44 /* LaunchScreen.storyboard */; };
		F2AE894B21ABBB1F00BDDE44 /* main.m in Sources */ = {isa = PBXBuildFile; fileRef = F2AE894A21ABBB1F00BDDE44 /* main.m */; };
/* End PBXBuildFile section */

/* Begin PBXFileReference section */
		F2AE893821ABBB1F00BDDE44 /* xianliaoim.app */ = {isa = PBXFileReference; explicitFileType = wrapper.application; includeInIndex = 0; path = xianliaoim.app; sourceTree = BUILT_PRODUCTS_DIR; };
		F2AE893B21ABBB1F00BDDE44 /* AppDelegate.h */ = {isa = PBXFileReference; lastKnownFileType = sourcecode.c.h; path = AppDelegate.h; sourceTree = "<group>"; };
		F2AE893C21ABBB1F00BDDE44 /* AppDelegate.m */ = {isa = PBXFileReference; lastKnownFileType = sourcecode.c.objc; path = AppDelegate.m; sourceTree = "<group>"; };
		F2AE893E21ABBB1F00BDDE44 /* ViewController.h */ = {isa = PBXFileReference; lastKnownFileType = sourcecode.c.h; path = ViewController.h; sourceTree = "<group>"; };
		F2AE893F21ABBB1F00BDDE44 /* ViewController.m */ = {isa = PBXFileReference; lastKnownFileType = sourcecode.c.objc; path = ViewController.m; sourceTree = "<group>"; };
		F2AE894221ABBB1F00BDDE44 /* Base */ = {isa = PBXFileReference; lastKnownFileType = file.storyboard; name = Base; path = Base.lproj/Main.storyboard; sourceTree = "<group>"; };
		F2AE894421ABBB1F00BDDE44 /* Assets.xcassets */ = {isa = PBXFileReference; lastKnownFileType = folder.assetcatalog; path = Assets.xcassets; sourceTree = "<group>"; };
		F2AE894721ABBB1F00BDDE44 /* Base */ = {isa = PBXFileReference; lastKnownFileType = file.storyboard; name = Base; path = Base.lproj/LaunchScreen.storyboard; sourceTree = "<group>"; };
		F2AE894921ABBB1F00BDDE44 /* Info.plist */ = {isa = PBXFileReference; lastKnownFileType = text.plist.xml; path = Info.plist; sourceTree = "<group>"; };
		F2AE894A21ABBB1F00BDDE44 /* main.m */ = {isa = PBXFileReference; lastKnownFileType = sourcecode.c.objc; path = main.m; sourceTree = "<group>"; };
/* End PBXFileReference section */

/* Begin PBXFrameworksBuildPhase section */
		F2AE893521ABBB1F00BDDE44 /* Frameworks */ = {
			isa = PBXFrameworksBuildPhase;
			buildActionMask = 2147483647;
			files = (
			);
			runOnlyForDeploymentPostprocessing = 0;
		};
/* End PBXFrameworksBuildPhase section */

/* Begin PBXGroup section */
		F2AE892F21ABBB1F00BDDE44 = {
			isa = PBXGroup;
			children = (
				F2AE893A21ABBB1F00BDDE44 /* xianliaoim */,
				F2AE893921ABBB1F00BDDE44 /* Products */,
			);
			sourceTree = "<group>";
		};
		F2AE893921ABBB1F00BDDE44 /* Products */ = {
			isa = PBXGroup;
			children = (
				F2AE893821ABBB1F00BDDE44 /* xianliaoim.app */,
			);
			name = Products;
			sourceTree = "<group>";
		};
		F2AE893A21ABBB1F00BDDE44 /* xianliaoim */ = {
			isa = PBXGroup;
			children = (
				F2AE893B21ABBB1F00BDDE44 /* AppDelegate.h */,
				F2AE893C21ABBB1F00BDDE44 /* AppDelegate.m */,
				F2AE893E21ABBB1F00BDDE44 /* ViewController.h */,
				F2AE893F21ABBB1F00BDDE44 /* ViewController.m */,
				F2AE894121ABBB1F00BDDE44 /* Main.storyboard */,
				F2AE894421ABBB1F00BDDE44 /* Assets.xcassets */,
				F2AE894621ABBB1F00BDDE44 /* LaunchScreen.storyboard */,
				F2AE894921ABBB1F00BDDE44 /* Info.plist */,
				F2AE894A21ABBB1F00BDDE44 /* main.m */,
			);
			path = xianliaoim;
			sourceTree = "<group>";
		};
/* End PBXGroup section */

/* Begin PBXNativeTarget section */
		F2AE893721ABBB1F00BDDE44 /* xianliaoim */ = {
			isa = PBXNativeTarget;
			buildConfigurationList = F2AE894E21ABBB1F00BDDE44 /* Build configuration list for PBXNativeTarget "xianliaoim" */;
			buildPhases = (
				F2AE893421ABBB1F00BDDE44 /* Sources */,
				F2AE893521ABBB1F00BDDE44 /* Frameworks */,
				F2AE893621ABBB1F00BDDE44 /* Resources */,
			);
			buildRules = (
			);
			dependencies = (
			);
			name = xianliaoim;
			productName = xianliaoim;
			productReference = F2AE893821ABBB1F00BDDE44 /* xianliaoim.app */;
			productType = "com.apple.product-type.application";
		};
/* End PBXNativeTarget section */

/* Begin PBXProject section */
		F2AE893021ABBB1F00BDDE44 /* Project object */ = {
			isa = PBXProject;
			attributes = {
				LastUpgradeCheck = 1010;
				ORGANIZATIONNAME = wangkang;
				TargetAttributes = {
					F2AE893721ABBB1F00BDDE44 = {
						CreatedOnToolsVersion = 10.1;
					};
				};
			};
			buildConfigurationList = F2AE893321ABBB1F00BDDE44 /* Build configuration list for PBXProject "xianliaoim" */;
			compatibilityVersion = "Xcode 9.3";
			developmentRegion = en;
			hasScannedForEncodings = 0;
			knownRegions = (
				en,
				Base,
			);
			mainGroup = F2AE892F21ABBB1F00BDDE44;
			productRefGroup = F2AE893921ABBB1F00BDDE44 /* Products */;
			projectDirPath = "";
			projectRoot = "";
			targets = (
				F2AE893721ABBB1F00BDDE44 /* xianliaoim */,
			);
		};
/* End PBXProject section */

/* Begin PBXResourcesBuildPhase section */
		F2AE893621ABBB1F00BDDE44 /* Resources */ = {
			isa = PBXResourcesBuildPhase;
			buildActionMask = 2147483647;
			files = (
				F2AE894821ABBB1F00BDDE44 /* LaunchScreen.storyboard in Resources */,
				F2AE894521ABBB1F00BDDE44 /* Assets.xcassets in Resources */,
				F2AE894321ABBB1F00BDDE44 /* Main.storyboard in Resources */,
			);
			runOnlyForDeploymentPostprocessing = 0;
		};
/* End PBXResourcesBuildPhase section */

/* Begin PBXSourcesBuildPhase section */
		F2AE893421ABBB1F00BDDE44 /* Sources */ = {
			isa = PBXSourcesBuildPhase;
			buildActionMask = 2147483647;
			files = (
				F2AE894021ABBB1F00BDDE44 /* ViewController.m in Sources */,
				F2AE894B21ABBB1F00BDDE44 /* main.m in Sources */,
				F2AE893D21ABBB1F00BDDE44 /* AppDelegate.m in Sources */,
			);
			runOnlyForDeploymentPostprocessing = 0;
		};
/* End PBXSourcesBuildPhase section */

/* Begin PBXVariantGroup section */
		F2AE894121ABBB1F00BDDE44 /* Main.storyboard */ = {
			isa = PBXVariantGroup;
			children = (
				F2AE894221ABBB1F00BDDE44 /* Base */,
			);
			name = Main.storyboard;
			sourceTree = "<group>";
		};
		F2AE894621ABBB1F00BDDE44 /* LaunchScreen.storyboard */ = {
			isa = PBXVariantGroup;
			children = (
				F2AE894721ABBB1F00BDDE44 /* Base */,
			);
			name = LaunchScreen.storyboard;
			sourceTree = "<group>";
		};
/* End PBXVariantGroup section */

/* Begin XCBuildConfiguration section */
		F2AE894C21ABBB1F00BDDE44 /* Debug */ = {
			isa = XCBuildConfiguration;
			buildSettings = {
				ALWAYS_SEARCH_USER_PATHS = NO;
				CLANG_ANALYZER_NONNULL = YES;
				CLANG_ANALYZER_NUMBER_OBJECT_CONVERSION = YES_AGGRESSIVE;
				CLANG_CXX_LANGUAGE_STANDARD = "gnu++14";
				CLANG_CXX_LIBRARY = "libc++";
				CLANG_ENABLE_MODULES = YES;
				CLANG_ENABLE_OBJC_ARC = YES;
				CLANG_ENABLE_OBJC_WEAK = YES;
				CLANG_WARN_BLOCK_CAPTURE_AUTORELEASING = YES;
				CLANG_WARN_BOOL_CONVERSION = YES;
				CLANG_WARN_COMMA = YES;
				CLANG_WARN_CONSTANT_CONVERSION = YES;
				CLANG_WARN_DEPRECATED_OBJC_IMPLEMENTATIONS = YES;
				CLANG_WARN_DIRECT_OBJC_ISA_USAGE = YES_ERROR;
				CLANG_WARN_DOCUMENTATION_COMMENTS = YES;
				CLANG_WARN_EMPTY_BODY = YES;
				CLANG_WARN_ENUM_CONVERSION = YES;
				CLANG_WARN_INFINITE_RECURSION = YES;
				CLANG_WARN_INT_CONVERSION = YES;
				CLANG_WARN_NON_LITERAL_NULL_CONVERSION = YES;
				CLANG_WARN_OBJC_IMPLICIT_RETAIN_SELF = YES;
				CLANG_WARN_OBJC_LITERAL_CONVERSION = YES;
				CLANG_WARN_OBJC_ROOT_CLASS = YES_ERROR;
				CLANG_WARN_RANGE_LOOP_ANALYSIS = YES;
				CLANG_WARN_STRICT_PROTOTYPES = YES;
				CLANG_WARN_SUSPICIOUS_MOVE = YES;
				CLANG_WARN_UNGUARDED_AVAILABILITY = YES_AGGRESSIVE;
				CLANG_WARN_UNREACHABLE_CODE = YES;
				CLANG_WARN__DUPLICATE_METHOD_MATCH = YES;
				CODE_SIGN_IDENTITY = "iPhone Developer";
				COPY_PHASE_STRIP = NO;
				DEBUG_INFORMATION_FORMAT = dwarf;
				ENABLE_STRICT_OBJC_MSGSEND = YES;
				ENABLE_TESTABILITY = YES;
				GCC_C_LANGUAGE_STANDARD = gnu11;
				GCC_DYNAMIC_NO_PIC = NO;
				GCC_NO_COMMON_BLOCKS = YES;
				GCC_OPTIMIZATION_LEVEL = 0;
				GCC_PREPROCESSOR_DEFINITIONS = (
					"DEBUG=1",
					"$(inherited)",
				);
				GCC_WARN_64_TO_32_BIT_CONVERSION = YES;
				GCC_WARN_ABOUT_RETURN_TYPE = YES_ERROR;
				GCC_WARN_UNDECLARED_SELECTOR = YES;
				GCC_WARN_UNINITIALIZED_AUTOS = YES_AGGRESSIVE;
				GCC_WARN_UNUSED_FUNCTION = YES;
				GCC_WARN_UNUSED_VARIABLE = YES;
				IPHONEOS_DEPLOYMENT_TARGET = 12.1;
				MTL_ENABLE_DEBUG_INFO = INCLUDE_SOURCE;
				MTL_FAST_MATH = YES;
				ONLY_ACTIVE_ARCH = YES;
				SDKROOT = iphoneos;
			};
			name = Debug;
		};
		F2AE894D21ABBB1F00BDDE44 /* Release */ = {
			isa = XCBuildConfiguration;
			buildSettings = {
				ALWAYS_SEARCH_USER_PATHS = NO;
				CLANG_ANALYZER_NONNULL = YES;
				CLANG_ANALYZER_NUMBER_OBJECT_CONVERSION = YES_AGGRESSIVE;
				CLANG_CXX_LANGUAGE_STANDARD = "gnu++14";
				CLANG_CXX_LIBRARY = "libc++";
				CLANG_ENABLE_MODULES = YES;
				CLANG_ENABLE_OBJC_ARC = YES;
				CLANG_ENABLE_OBJC_WEAK = YES;
				CLANG_WARN_BLOCK_CAPTURE_AUTORELEASING = YES;
				CLANG_WARN_BOOL_CONVERSION = YES;
				CLANG_WARN_COMMA = YES;
				CLANG_WARN_CONSTANT_CONVERSION = YES;
				CLANG_WARN_DEPRECATED_OBJC_IMPLEMENTATIONS = YES;
				CLANG_WARN_DIRECT_OBJC_ISA_USAGE = YES_ERROR;
				CLANG_WARN_DOCUMENTATION_COMMENTS = YES;
				CLANG_WARN_EMPTY_BODY = YES;
				CLANG_WARN_ENUM_CONVERSION = YES;
				CLANG_WARN_INFINITE_RECURSION = YES;
				CLANG_WARN_INT_CONVERSION = YES;
				CLANG_WARN_NON_LITERAL_NULL_CONVERSION = YES;
				CLANG_WARN_OBJC_IMPLICIT_RETAIN_SELF = YES;
				CLANG_WARN_OBJC_LITERAL_CONVERSION = YES;
				CLANG_WARN_OBJC_ROOT_CLASS = YES_ERROR;
				CLANG_WARN_RANGE_LOOP_ANALYSIS = YES;
				CLANG_WARN_STRICT_PROTOTYPES = YES;
				CLANG_WARN_SUSPICIOUS_MOVE = YES;
				CLANG_WARN_UNGUARDED_AVAILABILITY = YES_AGGRESSIVE;
				CLANG_WARN_UNREACHABLE_CODE = YES;
				CLANG_WARN__DUPLICATE_METHOD_MATCH = YES;
				CODE_SIGN_IDENTITY = "iPhone Developer";
				COPY_PHASE_STRIP = NO;
				DEBUG_INFORMATION_FORMAT = "dwarf-with-dsym";
				ENABLE_NS_ASSERTIONS = NO;
				ENABLE_STRICT_OBJC_MSGSEND = YES;
				GCC_C_LANGUAGE_STANDARD = gnu11;
				GCC_NO_COMMON_BLOCKS = YES;
				GCC_WARN_64_TO_32_BIT_CONVERSION = YES;
				GCC_WARN_ABOUT_RETURN_TYPE = YES_ERROR;
				GCC_WARN_UNDECLARED_SELECTOR = YES;
				GCC_WARN_UNINITIALIZED_AUTOS = YES_AGGRESSIVE;
				GCC_WARN_UNUSED_FUNCTION = YES;
				GCC_WARN_UNUSED_VARIABLE = YES;
				IPHONEOS_DEPLOYMENT_TARGET = 12.1;
				MTL_ENABLE_DEBUG_INFO = NO;
				MTL_FAST_MATH = YES;
				SDKROOT = iphoneos;
				VALIDATE_PRODUCT = YES;
			};
			name = Release;
		};
		F2AE894F21ABBB1F00BDDE44 /* Debug */ = {
			isa = XCBuildConfiguration;
			buildSettings = {
				ASSETCATALOG_COMPILER_APPICON_NAME = AppIcon;
				CODE_SIGN_STYLE = Automatic;
				DEVELOPMENT_TEAM = G2U3ZPPSL6;
				INFOPLIST_FILE = xianliaoim/Info.plist;
				LD_RUNPATH_SEARCH_PATHS = (
					"$(inherited)",
					"@executable_path/Frameworks",
				);
				PRODUCT_BUNDLE_IDENTIFIER = com.wangkang.xianliaoim;
				PRODUCT_NAME = "$(TARGET_NAME)";
				TARGETED_DEVICE_FAMILY = "1,2";
			};
			name = Debug;
		};
		F2AE895021ABBB1F00BDDE44 /* Release */ = {
			isa = XCBuildConfiguration;
			buildSettings = {
				ASSETCATALOG_COMPILER_APPICON_NAME = AppIcon;
				CODE_SIGN_STYLE = Automatic;
				DEVELOPMENT_TEAM = G2U3ZPPSL6;
				INFOPLIST_FILE = xianliaoim/Info.plist;
				LD_RUNPATH_SEARCH_PATHS = (
					"$(inherited)",
					"@executable_path/Frameworks",
				);
				PRODUCT_BUNDLE_IDENTIFIER = com.wangkang.xianliaoim;
				PRODUCT_NAME = "$(TARGET_NAME)";
				TARGETED_DEVICE_FAMILY = "1,2";
			};
			name = Release;
		};
/* End XCBuildConfiguration section */

/* Begin XCConfigurationList section */
		F2AE893321ABBB1F00BDDE44 /* Build configuration list for PBXProject "xianliaoim" */ = {
			isa = XCConfigurationList;
			buildConfigurations = (
				F2AE894C21ABBB1F00BDDE44 /* Debug */,
				F2AE894D21ABBB1F00BDDE44 /* Release */,
			);
			defaultConfigurationIsVisible = 0;
			defaultConfigurationName = Release;
		};
		F2AE894E21ABBB1F00BDDE44 /* Build configuration list for PBXNativeTarget "xianliaoim" */ = {
			isa = XCConfigurationList;
			buildConfigurations = (
				F2AE894F21ABBB1F00BDDE44 /* Debug */,
				F2AE895021ABBB1F00BDDE44 /* Release */,
			);
			defaultConfigurationIsVisible = 0;
			defaultConfigurationName = Release;
		};
/* End XCConfigurationList section */
	};
	rootObject = F2AE893021ABBB1F00BDDE44 /* Project object */;
}
